
Microsoft Visual Studio Solution File, Format Version 12.00
# Visual Studio Version 16
VisualStudioVersion = 16.0.29728.190
MinimumVisualStudioVersion = 10.0.40219.1
Project("{FAE04EC0-301F-11D3-BF4B-00C04F79EFBC}") = "CarInsuranceMVC2", "CarInsuranceMVC2.csproj", "{17CF7B81-1FC9-45F9-9D55-EE1BB0BFE9BB}"
EndProject
Global
	GlobalSection(SolutionConfigurationPlatforms) = preSolution
		Debug|Any CPU = Debug|Any CPU
		Release|Any CPU = Release|Any CPU
	EndGlobalSection
	GlobalSection(ProjectConfigurationPlatforms) = postSolution
		{17CF7B81-1FC9-45F9-9D55-EE1BB0BFE9BB}.Debug|Any CPU.ActiveCfg = Debug|Any CPU
		{17CF7B81-1FC9-45F9-9D55-EE1BB0BFE9BB}.Debug|Any CPU.Build.0 = Debug|Any CPU
		{17CF7B81-1FC9-45F9-9D55-EE1BB0BFE9BB}.Release|Any CPU.ActiveCfg = Release|Any CPU
		{17CF7B81-1FC9-45F9-9D55-EE1BB0BFE9BB}.Release|Any CPU.Build.0 = Release|Any CPU
	EndGlobalSection
	GlobalSection(SolutionProperties) = preSolution
		HideSolutionNode = FALSE
	EndGlobalSection
	GlobalSection(ExtensibilityGlobals) = postSolution
		SolutionGuid = {36C828F8-D00A-4F40-9C75-7FEC54BCDFE8}
	EndGlobalSection
EndGlobal
